// !$*UTF8*$!
{
	archiveVersion = 1;
	classes = {
	};
	objectVersion = 50;
	objects = {

/* Begin PBXBuildFile section */
		BA08B92F2034E2BC00856BA7 /* AppDelegate.swift in Sources */ = {isa = PBXBuildFile; fileRef = BA08B92E2034E2BC00856BA7 /* AppDelegate.swift */; };
		BA08B9312034E2BD00856BA7 /* SignUpController.swift in Sources */ = {isa = PBXBuildFile; fileRef = BA08B9302034E2BD00856BA7 /* SignUpController.swift */; };
		BA08B9342034E2BD00856BA7 /* Main.storyboard in Resources */ = {isa = PBXBuildFile; fileRef = BA08B9322034E2BD00856BA7 /* Main.storyboard */; };
		BA08B9362034E2BE00856BA7 /* Assets.xcassets in Resources */ = {isa = PBXBuildFile; fileRef = BA08B9352034E2BE00856BA7 /* Assets.xcassets */; };
		BA08B9392034E2BE00856BA7 /* LaunchScreen.storyboard in Resources */ = {isa = PBXBuildFile; fileRef = BA08B9372034E2BE00856BA7 /* LaunchScreen.storyboard */; };
		BA5EC539203F3A5200F1E918 /* LoginController.swift in Sources */ = {isa = PBXBuildFile; fileRef = BA5EC538203F3A5200F1E918 /* LoginController.swift */; };
		BA73FAC0204356C50089916C /* PhotoSelectorController.swift in Sources */ = {isa = PBXBuildFile; fileRef = BA73FABF204356C50089916C /* PhotoSelectorController.swift */; };
		BA9F28482035ECAB00BE9A0F /* Extensions.swift in Sources */ = {isa = PBXBuildFile; fileRef = BA9F28472035ECAB00BE9A0F /* Extensions.swift */; };
		BA9F284B203602A700BE9A0F /* GoogleService-Info.plist in Resources */ = {isa = PBXBuildFile; fileRef = BA9F284A203602A700BE9A0F /* GoogleService-Info.plist */; };
		BABA68CD204481DD00D18FED /* PhotoSelectorCell.swift in Sources */ = {isa = PBXBuildFile; fileRef = BABA68CC204481DD00D18FED /* PhotoSelectorCell.swift */; };
		BABA68CF204495D300D18FED /* photoSelectorHeader.swift in Sources */ = {isa = PBXBuildFile; fileRef = BABA68CE204495D300D18FED /* photoSelectorHeader.swift */; };
		BABA68D12045C3B100D18FED /* SharePhotoController.swift in Sources */ = {isa = PBXBuildFile; fileRef = BABA68D02045C3B100D18FED /* SharePhotoController.swift */; };
		BABA68D32045F18900D18FED /* Post.swift in Sources */ = {isa = PBXBuildFile; fileRef = BABA68D22045F18900D18FED /* Post.swift */; };
		BABA68D52045F37200D18FED /* UserProfilePhotoCell.swift in Sources */ = {isa = PBXBuildFile; fileRef = BABA68D42045F37200D18FED /* UserProfilePhotoCell.swift */; };
		BABA68D72047150300D18FED /* CustomImageView.swift in Sources */ = {isa = PBXBuildFile; fileRef = BABA68D62047150300D18FED /* CustomImageView.swift */; };
		BAE215F4203C775B00EAABB2 /* MainTabBarController.swift in Sources */ = {isa = PBXBuildFile; fileRef = BAE215F3203C775B00EAABB2 /* MainTabBarController.swift */; };
		BAE215F6203C787000EAABB2 /* UserProfileController.swift in Sources */ = {isa = PBXBuildFile; fileRef = BAE215F5203C787000EAABB2 /* UserProfileController.swift */; };
		BAE215F9203C878800EAABB2 /* UserProfileHeader.swift in Sources */ = {isa = PBXBuildFile; fileRef = BAE215F8203C878800EAABB2 /* UserProfileHeader.swift */; };
		BAE215FC203C920600EAABB2 /* User.swift in Sources */ = {isa = PBXBuildFile; fileRef = BAE215FB203C920600EAABB2 /* User.swift */; };
		D652BD86EC704B0197A11C21 /* Pods_InstagramFirebase.framework in Frameworks */ = {isa = PBXBuildFile; fileRef = 9F1D1170E6764D3EA8D6F535 /* Pods_InstagramFirebase.framework */; };
/* End PBXBuildFile section */

/* Begin PBXFileReference section */
		5BE4CAA7B2E9954BC263E1CC /* Pods-InstagramFirebase.debug.xcconfig */ = {isa = PBXFileReference; includeInIndex = 1; lastKnownFileType = text.xcconfig; name = "Pods-InstagramFirebase.debug.xcconfig"; path = "Pods/Target Support Files/Pods-InstagramFirebase/Pods-InstagramFirebase.debug.xcconfig"; sourceTree = "<group>"; };
		6E233A8295A04B7FB106B24F /* Pods-InstagramFirebase.release.xcconfig */ = {isa = PBXFileReference; includeInIndex = 1; lastKnownFileType = text.xcconfig; name = "Pods-InstagramFirebase.release.xcconfig"; path = "Pods/Target Support Files/Pods-InstagramFirebase/Pods-InstagramFirebase.release.xcconfig"; sourceTree = "<group>"; };
		9F1D1170E6764D3EA8D6F535 /* Pods_InstagramFirebase.framework */ = {isa = PBXFileReference; explicitFileType = wrapper.framework; includeInIndex = 0; path = Pods_InstagramFirebase.framework; sourceTree = BUILT_PRODUCTS_DIR; };
		BA08B92B2034E2BC00856BA7 /* InstagramFirebase.app */ = {isa = PBXFileReference; explicitFileType = wrapper.application; includeInIndex = 0; path = InstagramFirebase.app; sourceTree = BUILT_PRODUCTS_DIR; };
		BA08B92E2034E2BC00856BA7 /* AppDelegate.swift */ = {isa = PBXFileReference; lastKnownFileType = sourcecode.swift; path = AppDelegate.swift; sourceTree = "<group>"; };
		BA08B9302034E2BD00856BA7 /* SignUpController.swift */ = {isa = PBXFileReference; lastKnownFileType = sourcecode.swift; path = SignUpController.swift; sourceTree = "<group>"; };
		BA08B9332034E2BD00856BA7 /* Base */ = {isa = PBXFileReference; lastKnownFileType = file.storyboard; name = Base; path = Base.lproj/Main.storyboard; sourceTree = "<group>"; };
		BA08B9352034E2BE00856BA7 /* Assets.xcassets */ = {isa = PBXFileReference; lastKnownFileType = folder.assetcatalog; path = Assets.xcassets; sourceTree = "<group>"; };
		BA08B9382034E2BE00856BA7 /* Base */ = {isa = PBXFileReference; lastKnownFileType = file.storyboard; name = Base; path = Base.lproj/LaunchScreen.storyboard; sourceTree = "<group>"; };
		BA08B93A2034E2BE00856BA7 /* Info.plist */ = {isa = PBXFileReference; lastKnownFileType = text.plist.xml; path = Info.plist; sourceTree = "<group>"; };
		BA5EC538203F3A5200F1E918 /* LoginController.swift */ = {isa = PBXFileReference; lastKnownFileType = sourcecode.swift; path = LoginController.swift; sourceTree = "<group>"; };
		BA73FABF204356C50089916C /* PhotoSelectorController.swift */ = {isa = PBXFileReference; lastKnownFileType = sourcecode.swift; path = PhotoSelectorController.swift; sourceTree = "<group>"; };
		BA9F28472035ECAB00BE9A0F /* Extensions.swift */ = {isa = PBXFileReference; lastKnownFileType = sourcecode.swift; path = Extensions.swift; sourceTree = "<group>"; };
		BA9F284A203602A700BE9A0F /* GoogleService-Info.plist */ = {isa = PBXFileReference; fileEncoding = 4; lastKnownFileType = text.plist.xml; path = "GoogleService-Info.plist"; sourceTree = "<group>"; };
		BABA68CC204481DD00D18FED /* PhotoSelectorCell.swift */ = {isa = PBXFileReference; lastKnownFileType = sourcecode.swift; path = PhotoSelectorCell.swift; sourceTree = "<group>"; };
		BABA68CE204495D300D18FED /* photoSelectorHeader.swift */ = {isa = PBXFileReference; lastKnownFileType = sourcecode.swift; path = photoSelectorHeader.swift; sourceTree = "<group>"; };
		BABA68D02045C3B100D18FED /* SharePhotoController.swift */ = {isa = PBXFileReference; lastKnownFileType = sourcecode.swift; path = SharePhotoController.swift; sourceTree = "<group>"; };
		BABA68D22045F18900D18FED /* Post.swift */ = {isa = PBXFileReference; lastKnownFileType = sourcecode.swift; path = Post.swift; sourceTree = "<group>"; };
		BABA68D42045F37200D18FED /* UserProfilePhotoCell.swift */ = {isa = PBXFileReference; lastKnownFileType = sourcecode.swift; path = UserProfilePhotoCell.swift; sourceTree = "<group>"; };
		BABA68D62047150300D18FED /* CustomImageView.swift */ = {isa = PBXFileReference; lastKnownFileType = sourcecode.swift; path = CustomImageView.swift; sourceTree = "<group>"; };
		BAE215F3203C775B00EAABB2 /* MainTabBarController.swift */ = {isa = PBXFileReference; lastKnownFileType = sourcecode.swift; path = MainTabBarController.swift; sourceTree = "<group>"; };
		BAE215F5203C787000EAABB2 /* UserProfileController.swift */ = {isa = PBXFileReference; lastKnownFileType = sourcecode.swift; path = UserProfileController.swift; sourceTree = "<group>"; };
		BAE215F8203C878800EAABB2 /* UserProfileHeader.swift */ = {isa = PBXFileReference; lastKnownFileType = sourcecode.swift; path = UserProfileHeader.swift; sourceTree = "<group>"; };
		BAE215FB203C920600EAABB2 /* User.swift */ = {isa = PBXFileReference; lastKnownFileType = sourcecode.swift; path = User.swift; sourceTree = "<group>"; };
/* End PBXFileReference section */

/* Begin PBXFrameworksBuildPhase section */
		BA08B9282034E2BC00856BA7 /* Frameworks */ = {
			isa = PBXFrameworksBuildPhase;
			buildActionMask = 2147483647;
			files = (
				D652BD86EC704B0197A11C21 /* Pods_InstagramFirebase.framework in Frameworks */,
			);
			runOnlyForDeploymentPostprocessing = 0;
		};
/* End PBXFrameworksBuildPhase section */

/* Begin PBXGroup section */
		10FC6FA0D02F93A2372BCA0E /* Pods */ = {
			isa = PBXGroup;
			children = (
				5BE4CAA7B2E9954BC263E1CC /* Pods-InstagramFirebase.debug.xcconfig */,
				6E233A8295A04B7FB106B24F /* Pods-InstagramFirebase.release.xcconfig */,
			);
			name = Pods;
			sourceTree = "<group>";
		};
		38E8D7C3A03322B2ADB536BD /* Frameworks */ = {
			isa = PBXGroup;
			children = (
				9F1D1170E6764D3EA8D6F535 /* Pods_InstagramFirebase.framework */,
			);
			name = Frameworks;
			sourceTree = "<group>";
		};
		BA08B9222034E2BC00856BA7 = {
			isa = PBXGroup;
			children = (
				BA08B92D2034E2BC00856BA7 /* InstagramFirebase */,
				BA08B92C2034E2BC00856BA7 /* Products */,
				10FC6FA0D02F93A2372BCA0E /* Pods */,
				38E8D7C3A03322B2ADB536BD /* Frameworks */,
			);
			sourceTree = "<group>";
		};
		BA08B92C2034E2BC00856BA7 /* Products */ = {
			isa = PBXGroup;
			children = (
				BA08B92B2034E2BC00856BA7 /* InstagramFirebase.app */,
			);
			name = Products;
			sourceTree = "<group>";
		};
		BA08B92D2034E2BC00856BA7 /* InstagramFirebase */ = {
			isa = PBXGroup;
			children = (
				BA73FABE204356980089916C /* AddPhoto */,
				BA5EC537203F3A3500F1E918 /* Login */,
				BAE215FA203C91F900EAABB2 /* Model */,
				BAE215F7203C876E00EAABB2 /* UserProfile */,
				BA9F28462035EC8000BE9A0F /* Utils */,
				BA9F2849203600F800BE9A0F /* Controllers */,
				BA08B9322034E2BD00856BA7 /* Main.storyboard */,
				BA08B92E2034E2BC00856BA7 /* AppDelegate.swift */,
				BA08B9352034E2BE00856BA7 /* Assets.xcassets */,
				BA08B9372034E2BE00856BA7 /* LaunchScreen.storyboard */,
				BA08B93A2034E2BE00856BA7 /* Info.plist */,
				BA9F284A203602A700BE9A0F /* GoogleService-Info.plist */,
			);
			path = InstagramFirebase;
			sourceTree = "<group>";
		};
		BA5EC537203F3A3500F1E918 /* Login */ = {
			isa = PBXGroup;
			children = (
				BA5EC538203F3A5200F1E918 /* LoginController.swift */,
				BA08B9302034E2BD00856BA7 /* SignUpController.swift */,
			);
			path = Login;
			sourceTree = "<group>";
		};
		BA73FABE204356980089916C /* AddPhoto */ = {
			isa = PBXGroup;
			children = (
				BA73FABF204356C50089916C /* PhotoSelectorController.swift */,
				BABA68D02045C3B100D18FED /* SharePhotoController.swift */,
				BABA68CE204495D300D18FED /* photoSelectorHeader.swift */,
				BABA68CC204481DD00D18FED /* PhotoSelectorCell.swift */,
			);
			path = AddPhoto;
			sourceTree = "<group>";
		};
		BA9F28462035EC8000BE9A0F /* Utils */ = {
			isa = PBXGroup;
			children = (
				BA9F28472035ECAB00BE9A0F /* Extensions.swift */,
				BABA68D62047150300D18FED /* CustomImageView.swift */,
			);
			path = Utils;
			sourceTree = "<group>";
		};
		BA9F2849203600F800BE9A0F /* Controllers */ = {
			isa = PBXGroup;
			children = (
				BAE215F3203C775B00EAABB2 /* MainTabBarController.swift */,
			);
			path = Controllers;
			sourceTree = "<group>";
		};
		BAE215F7203C876E00EAABB2 /* UserProfile */ = {
			isa = PBXGroup;
			children = (
				BAE215F8203C878800EAABB2 /* UserProfileHeader.swift */,
				BAE215F5203C787000EAABB2 /* UserProfileController.swift */,
				BABA68D42045F37200D18FED /* UserProfilePhotoCell.swift */,
			);
			path = UserProfile;
			sourceTree = "<group>";
		};
		BAE215FA203C91F900EAABB2 /* Model */ = {
			isa = PBXGroup;
			children = (
				BAE215FB203C920600EAABB2 /* User.swift */,
				BABA68D22045F18900D18FED /* Post.swift */,
			);
			path = Model;
			sourceTree = "<group>";
		};
/* End PBXGroup section */

/* Begin PBXNativeTarget section */
		BA08B92A2034E2BC00856BA7 /* InstagramFirebase */ = {
			isa = PBXNativeTarget;
			buildConfigurationList = BA08B93D2034E2BE00856BA7 /* Build configuration list for PBXNativeTarget "InstagramFirebase" */;
			buildPhases = (
				EEF818B45E91F7C4CB2B9144 /* [CP] Check Pods Manifest.lock */,
				BA08B9272034E2BC00856BA7 /* Sources */,
				BA08B9282034E2BC00856BA7 /* Frameworks */,
				BA08B9292034E2BC00856BA7 /* Resources */,
				BCC42BF36F759E300BFC3B68 /* [CP] Embed Pods Frameworks */,
				98BCC64C380FC2162C029160 /* [CP] Copy Pods Resources */,
			);
			buildRules = (
			);
			dependencies = (
			);
			name = InstagramFirebase;
			productName = InstagramFirebase;
			productReference = BA08B92B2034E2BC00856BA7 /* InstagramFirebase.app */;
			productType = "com.apple.product-type.application";
		};
/* End PBXNativeTarget section */

/* Begin PBXProject section */
		BA08B9232034E2BC00856BA7 /* Project object */ = {
			isa = PBXProject;
			attributes = {
				LastSwiftUpdateCheck = 0930;
				LastUpgradeCheck = 0930;
				ORGANIZATIONNAME = "Polestar Interactive LLC";
				TargetAttributes = {
					BA08B92A2034E2BC00856BA7 = {
						CreatedOnToolsVersion = 9.3;
					};
				};
			};
			buildConfigurationList = BA08B9262034E2BC00856BA7 /* Build configuration list for PBXProject "InstagramFirebase" */;
			compatibilityVersion = "Xcode 9.3";
			developmentRegion = en;
			hasScannedForEncodings = 0;
			knownRegions = (
				en,
				Base,
			);
			mainGroup = BA08B9222034E2BC00856BA7;
			productRefGroup = BA08B92C2034E2BC00856BA7 /* Products */;
			projectDirPath = "";
			projectRoot = "";
			targets = (
				BA08B92A2034E2BC00856BA7 /* InstagramFirebase */,
			);
		};
/* End PBXProject section */

/* Begin PBXResourcesBuildPhase section */
		BA08B9292034E2BC00856BA7 /* Resources */ = {
			isa = PBXResourcesBuildPhase;
			buildActionMask = 2147483647;
			files = (
				BA9F284B203602A700BE9A0F /* GoogleService-Info.plist in Resources */,
				BA08B9392034E2BE00856BA7 /* LaunchScreen.storyboard in Resources */,
				BA08B9362034E2BE00856BA7 /* Assets.xcassets in Resources */,
				BA08B9342034E2BD00856BA7 /* Main.storyboard in Resources */,
			);
			runOnlyForDeploymentPostprocessing = 0;
		};
/* End PBXResourcesBuildPhase section */

/* Begin PBXShellScriptBuildPhase section */
		98BCC64C380FC2162C029160 /* [CP] Copy Pods Resources */ = {
			isa = PBXShellScriptBuildPhase;
			buildActionMask = 2147483647;
			files = (
			);
			inputPaths = (
			);
			name = "[CP] Copy Pods Resources";
			outputPaths = (
			);
			runOnlyForDeploymentPostprocessing = 0;
			shellPath = /bin/sh;
			shellScript = "\"${SRCROOT}/Pods/Target Support Files/Pods-InstagramFirebase/Pods-InstagramFirebase-resources.sh\"\n";
			showEnvVarsInLog = 0;
		};
		BCC42BF36F759E300BFC3B68 /* [CP] Embed Pods Frameworks */ = {
			isa = PBXShellScriptBuildPhase;
			buildActionMask = 2147483647;
			files = (
			);
			inputPaths = (
				"${SRCROOT}/Pods/Target Support Files/Pods-InstagramFirebase/Pods-InstagramFirebase-frameworks.sh",
				"${BUILT_PRODUCTS_DIR}/GTMSessionFetcher/GTMSessionFetcher.framework",
				"${BUILT_PRODUCTS_DIR}/GoogleToolboxForMac/GoogleToolboxForMac.framework",
				"${BUILT_PRODUCTS_DIR}/leveldb-library/leveldb.framework",
				"${BUILT_PRODUCTS_DIR}/nanopb/nanopb.framework",
			);
			name = "[CP] Embed Pods Frameworks";
			outputPaths = (
				"${TARGET_BUILD_DIR}/${FRAMEWORKS_FOLDER_PATH}/GTMSessionFetcher.framework",
				"${TARGET_BUILD_DIR}/${FRAMEWORKS_FOLDER_PATH}/GoogleToolboxForMac.framework",
				"${TARGET_BUILD_DIR}/${FRAMEWORKS_FOLDER_PATH}/leveldb.framework",
				"${TARGET_BUILD_DIR}/${FRAMEWORKS_FOLDER_PATH}/nanopb.framework",
			);
			runOnlyForDeploymentPostprocessing = 0;
			shellPath = /bin/sh;
			shellScript = "\"${SRCROOT}/Pods/Target Support Files/Pods-InstagramFirebase/Pods-InstagramFirebase-frameworks.sh\"\n";
			showEnvVarsInLog = 0;
		};
		EEF818B45E91F7C4CB2B9144 /* [CP] Check Pods Manifest.lock */ = {
			isa = PBXShellScriptBuildPhase;
			buildActionMask = 2147483647;
			files = (
			);
			inputPaths = (
				"${PODS_PODFILE_DIR_PATH}/Podfile.lock",
				"${PODS_ROOT}/Manifest.lock",
			);
			name = "[CP] Check Pods Manifest.lock";
			outputPaths = (
				"$(DERIVED_FILE_DIR)/Pods-InstagramFirebase-checkManifestLockResult.txt",
			);
			runOnlyForDeploymentPostprocessing = 0;
			shellPath = /bin/sh;
			shellScript = "diff \"${PODS_PODFILE_DIR_PATH}/Podfile.lock\" \"${PODS_ROOT}/Manifest.lock\" > /dev/null\nif [ $? != 0 ] ; then\n    # print error to STDERR\n    echo \"error: The sandbox is not in sync with the Podfile.lock. Run 'pod install' or update your CocoaPods installation.\" >&2\n    exit 1\nfi\n# This output is used by Xcode 'outputs' to avoid re-running this script phase.\necho \"SUCCESS\" > \"${SCRIPT_OUTPUT_FILE_0}\"\n";
			showEnvVarsInLog = 0;
		};
/* End PBXShellScriptBuildPhase section */

/* Begin PBXSourcesBuildPhase section */
		BA08B9272034E2BC00856BA7 /* Sources */ = {
			isa = PBXSourcesBuildPhase;
			buildActionMask = 2147483647;
			files = (
				BA08B9312034E2BD00856BA7 /* SignUpController.swift in Sources */,
				BA9F28482035ECAB00BE9A0F /* Extensions.swift in Sources */,
				BAE215F4203C775B00EAABB2 /* MainTabBarController.swift in Sources */,
				BA73FAC0204356C50089916C /* PhotoSelectorController.swift in Sources */,
				BABA68D72047150300D18FED /* CustomImageView.swift in Sources */,
				BABA68D32045F18900D18FED /* Post.swift in Sources */,
				BAE215F9203C878800EAABB2 /* UserProfileHeader.swift in Sources */,
				BAE215F6203C787000EAABB2 /* UserProfileController.swift in Sources */,
				BABA68D12045C3B100D18FED /* SharePhotoController.swift in Sources */,
				BA5EC539203F3A5200F1E918 /* LoginController.swift in Sources */,
				BA08B92F2034E2BC00856BA7 /* AppDelegate.swift in Sources */,
				BABA68CF204495D300D18FED /* photoSelectorHeader.swift in Sources */,
				BABA68D52045F37200D18FED /* UserProfilePhotoCell.swift in Sources */,
				BAE215FC203C920600EAABB2 /* User.swift in Sources */,
				BABA68CD204481DD00D18FED /* PhotoSelectorCell.swift in Sources */,
			);
			runOnlyForDeploymentPostprocessing = 0;
		};
/* End PBXSourcesBuildPhase section */

/* Begin PBXVariantGroup section */
		BA08B9322034E2BD00856BA7 /* Main.storyboard */ = {
			isa = PBXVariantGroup;
			children = (
				BA08B9332034E2BD00856BA7 /* Base */,
			);
			name = Main.storyboard;
			sourceTree = "<group>";
		};
		BA08B9372034E2BE00856BA7 /* LaunchScreen.storyboard */ = {
			isa = PBXVariantGroup;
			children = (
				BA08B9382034E2BE00856BA7 /* Base */,
			);
			name = LaunchScreen.storyboard;
			sourceTree = "<group>";
		};
/* End PBXVariantGroup section */

/* Begin XCBuildConfiguration section */
		BA08B93B2034E2BE00856BA7 /* Debug */ = {
			isa = XCBuildConfiguration;
			buildSettings = {
				ALWAYS_SEARCH_USER_PATHS = NO;
				CLANG_ANALYZER_NONNULL = YES;
				CLANG_ANALYZER_NUMBER_OBJECT_CONVERSION = YES_AGGRESSIVE;
				CLANG_CXX_LANGUAGE_STANDARD = "gnu++14";
				CLANG_CXX_LIBRARY = "libc++";
				CLANG_ENABLE_MODULES = YES;
				CLANG_ENABLE_OBJC_ARC = YES;
				CLANG_ENABLE_OBJC_WEAK = YES;
				CLANG_WARN_BLOCK_CAPTURE_AUTORELEASING = YES;
				CLANG_WARN_BOOL_CONVERSION = YES;
				CLANG_WARN_COMMA = YES;
				CLANG_WARN_CONSTANT_CONVERSION = YES;
				CLANG_WARN_DEPRECATED_OBJC_IMPLEMENTATIONS = YES;
				CLANG_WARN_DIRECT_OBJC_ISA_USAGE = YES_ERROR;
				CLANG_WARN_DOCUMENTATION_COMMENTS = YES;
				CLANG_WARN_EMPTY_BODY = YES;
				CLANG_WARN_ENUM_CONVERSION = YES;
				CLANG_WARN_INFINITE_RECURSION = YES;
				CLANG_WARN_INT_CONVERSION = YES;
				CLANG_WARN_NON_LITERAL_NULL_CONVERSION = YES;
				CLANG_WARN_OBJC_IMPLICIT_RETAIN_SELF = YES;
				CLANG_WARN_OBJC_LITERAL_CONVERSION = YES;
				CLANG_WARN_OBJC_ROOT_CLASS = YES_ERROR;
				CLANG_WARN_RANGE_LOOP_ANALYSIS = YES;
				CLANG_WARN_STRICT_PROTOTYPES = YES;
				CLANG_WARN_SUSPICIOUS_MOVE = YES;
				CLANG_WARN_UNGUARDED_AVAILABILITY = YES_AGGRESSIVE;
				CLANG_WARN_UNREACHABLE_CODE = YES;
				CLANG_WARN__DUPLICATE_METHOD_MATCH = YES;
				CODE_SIGN_IDENTITY = "iPhone Developer";
				COPY_PHASE_STRIP = NO;
				DEBUG_INFORMATION_FORMAT = dwarf;
				ENABLE_STRICT_OBJC_MSGSEND = YES;
				ENABLE_TESTABILITY = YES;
				GCC_C_LANGUAGE_STANDARD = gnu11;
				GCC_DYNAMIC_NO_PIC = NO;
				GCC_NO_COMMON_BLOCKS = YES;
				GCC_OPTIMIZATION_LEVEL = 0;
				GCC_PREPROCESSOR_DEFINITIONS = (
					"DEBUG=1",
					"$(inherited)",
				);
				GCC_WARN_64_TO_32_BIT_CONVERSION = YES;
				GCC_WARN_ABOUT_RETURN_TYPE = YES_ERROR;
				GCC_WARN_UNDECLARED_SELECTOR = YES;
				GCC_WARN_UNINITIALIZED_AUTOS = YES_AGGRESSIVE;
				GCC_WARN_UNUSED_FUNCTION = YES;
				GCC_WARN_UNUSED_VARIABLE = YES;
				IPHONEOS_DEPLOYMENT_TARGET = 11.3;
				MTL_ENABLE_DEBUG_INFO = YES;
				ONLY_ACTIVE_ARCH = YES;
				SDKROOT = iphoneos;
				SWIFT_ACTIVE_COMPILATION_CONDITIONS = DEBUG;
				SWIFT_OPTIMIZATION_LEVEL = "-Onone";
			};
			name = Debug;
		};
		BA08B93C2034E2BE00856BA7 /* Release */ = {
			isa = XCBuildConfiguration;
			buildSettings = {
				ALWAYS_SEARCH_USER_PATHS = NO;
				CLANG_ANALYZER_NONNULL = YES;
				CLANG_ANALYZER_NUMBER_OBJECT_CONVERSION = YES_AGGRESSIVE;
				CLANG_CXX_LANGUAGE_STANDARD = "gnu++14";
				CLANG_CXX_LIBRARY = "libc++";
				CLANG_ENABLE_MODULES = YES;
				CLANG_ENABLE_OBJC_ARC = YES;
				CLANG_ENABLE_OBJC_WEAK = YES;
				CLANG_WARN_BLOCK_CAPTURE_AUTORELEASING = YES;
				CLANG_WARN_BOOL_CONVERSION = YES;
				CLANG_WARN_COMMA = YES;
				CLANG_WARN_CONSTANT_CONVERSION = YES;
				CLANG_WARN_DEPRECATED_OBJC_IMPLEMENTATIONS = YES;
				CLANG_WARN_DIRECT_OBJC_ISA_USAGE = YES_ERROR;
				CLANG_WARN_DOCUMENTATION_COMMENTS = YES;
				CLANG_WARN_EMPTY_BODY = YES;
				CLANG_WARN_ENUM_CONVERSION = YES;
				CLANG_WARN_INFINITE_RECURSION = YES;
				CLANG_WARN_INT_CONVERSION = YES;
				CLANG_WARN_NON_LITERAL_NULL_CONVERSION = YES;
				CLANG_WARN_OBJC_IMPLICIT_RETAIN_SELF = YES;
				CLANG_WARN_OBJC_LITERAL_CONVERSION = YES;
				CLANG_WARN_OBJC_ROOT_CLASS = YES_ERROR;
				CLANG_WARN_RANGE_LOOP_ANALYSIS = YES;
				CLANG_WARN_STRICT_PROTOTYPES = YES;
				CLANG_WARN_SUSPICIOUS_MOVE = YES;
				CLANG_WARN_UNGUARDED_AVAILABILITY = YES_AGGRESSIVE;
				CLANG_WARN_UNREACHABLE_CODE = YES;
				CLANG_WARN__DUPLICATE_METHOD_MATCH = YES;
				CODE_SIGN_IDENTITY = "iPhone Developer";
				COPY_PHASE_STRIP = NO;
				DEBUG_INFORMATION_FORMAT = "dwarf-with-dsym";
				ENABLE_NS_ASSERTIONS = NO;
				ENABLE_STRICT_OBJC_MSGSEND = YES;
				GCC_C_LANGUAGE_STANDARD = gnu11;
				GCC_NO_COMMON_BLOCKS = YES;
				GCC_WARN_64_TO_32_BIT_CONVERSION = YES;
				GCC_WARN_ABOUT_RETURN_TYPE = YES_ERROR;
				GCC_WARN_UNDECLARED_SELECTOR = YES;
				GCC_WARN_UNINITIALIZED_AUTOS = YES_AGGRESSIVE;
				GCC_WARN_UNUSED_FUNCTION = YES;
				GCC_WARN_UNUSED_VARIABLE = YES;
				IPHONEOS_DEPLOYMENT_TARGET = 11.3;
				MTL_ENABLE_DEBUG_INFO = NO;
				SDKROOT = iphoneos;
				SWIFT_COMPILATION_MODE = wholemodule;
				SWIFT_OPTIMIZATION_LEVEL = "-O";
				VALIDATE_PRODUCT = YES;
			};
			name = Release;
		};
		BA08B93E2034E2BE00856BA7 /* Debug */ = {
			isa = XCBuildConfiguration;
			baseConfigurationReference = 5BE4CAA7B2E9954BC263E1CC /* Pods-InstagramFirebase.debug.xcconfig */;
			buildSettings = {
				ASSETCATALOG_COMPILER_APPICON_NAME = AppIcon;
				CODE_SIGN_STYLE = Automatic;
				DEVELOPMENT_TEAM = BR4H78C3XC;
				INFOPLIST_FILE = InstagramFirebase/Info.plist;
				LD_RUNPATH_SEARCH_PATHS = (
					"$(inherited)",
					"@executable_path/Frameworks",
				);
				PRODUCT_BUNDLE_IDENTIFIER = com.patrickBellot.InstagramFirebase;
				PRODUCT_NAME = "$(TARGET_NAME)";
				SWIFT_VERSION = 4.0;
				TARGETED_DEVICE_FAMILY = "1,2";
			};
			name = Debug;
		};
		BA08B93F2034E2BE00856BA7 /* Release */ = {
			isa = XCBuildConfiguration;
			baseConfigurationReference = 6E233A8295A04B7FB106B24F /* Pods-InstagramFirebase.release.xcconfig */;
			buildSettings = {
				ASSETCATALOG_COMPILER_APPICON_NAME = AppIcon;
				CODE_SIGN_STYLE = Automatic;
				DEVELOPMENT_TEAM = BR4H78C3XC;
				INFOPLIST_FILE = InstagramFirebase/Info.plist;
				LD_RUNPATH_SEARCH_PATHS = (
					"$(inherited)",
					"@executable_path/Frameworks",
				);
				PRODUCT_BUNDLE_IDENTIFIER = com.patrickBellot.InstagramFirebase;
				PRODUCT_NAME = "$(TARGET_NAME)";
				SWIFT_VERSION = 4.0;
				TARGETED_DEVICE_FAMILY = "1,2";
			};
			name = Release;
		};
/* End XCBuildConfiguration section */

/* Begin XCConfigurationList section */
		BA08B9262034E2BC00856BA7 /* Build configuration list for PBXProject "InstagramFirebase" */ = {
			isa = XCConfigurationList;
			buildConfigurations = (
				BA08B93B2034E2BE00856BA7 /* Debug */,
				BA08B93C2034E2BE00856BA7 /* Release */,
			);
			defaultConfigurationIsVisible = 0;
			defaultConfigurationName = Release;
		};
		BA08B93D2034E2BE00856BA7 /* Build configuration list for PBXNativeTarget "InstagramFirebase" */ = {
			isa = XCConfigurationList;
			buildConfigurations = (
				BA08B93E2034E2BE00856BA7 /* Debug */,
				BA08B93F2034E2BE00856BA7 /* Release */,
			);
			defaultConfigurationIsVisible = 0;
			defaultConfigurationName = Release;
		};
/* End XCConfigurationList section */
	};
	rootObject = BA08B9232034E2BC00856BA7 /* Project object */;
}
